
Microsoft Visual Studio Solution File, Format Version 12.00
# Visual Studio Version 17
VisualStudioVersion = 17.14.36221.1 d17.14
MinimumVisualStudioVersion = 10.0.40219.1
Project("{FAE04EC0-301F-11D3-BF4B-00C04F79EFBC}") = "QouteGenerator", "QouteGenerator\QouteGenerator.csproj", "{801D990C-4FB2-4E22-B92C-F907F8E50E5F}"
EndProject
Global
	GlobalSection(SolutionConfigurationPlatforms) = preSolution
		Debug|Any CPU = Debug|Any CPU
		Release|Any CPU = Release|Any CPU
	EndGlobalSection
	GlobalSection(ProjectConfigurationPlatforms) = postSolution
		{801D990C-4FB2-4E22-B92C-F907F8E50E5F}.Debug|Any CPU.ActiveCfg = Debug|Any CPU
		{801D990C-4FB2-4E22-B92C-F907F8E50E5F}.Debug|Any CPU.Build.0 = Debug|Any CPU
		{801D990C-4FB2-4E22-B92C-F907F8E50E5F}.Debug|Any CPU.Deploy.0 = Debug|Any CPU
		{801D990C-4FB2-4E22-B92C-F907F8E50E5F}.Release|Any CPU.ActiveCfg = Release|Any CPU
		{801D990C-4FB2-4E22-B92C-F907F8E50E5F}.Release|Any CPU.Build.0 = Release|Any CPU
		{801D990C-4FB2-4E22-B92C-F907F8E50E5F}.Release|Any CPU.Deploy.0 = Release|Any CPU
	EndGlobalSection
	GlobalSection(SolutionProperties) = preSolution
		HideSolutionNode = FALSE
	EndGlobalSection
	GlobalSection(ExtensibilityGlobals) = postSolution
		SolutionGuid = {815CC53F-F498-4F9E-BCB0-B6A712CDF265}
	EndGlobalSection
EndGlobal
